
Microsoft Visual Studio Solution File, Format Version 11.00
# Visual C# Express 2010
Project("{FAE04EC0-301F-11D3-BF4B-00C04F79EFBC}") = "maior3", "maior3\maior3.csproj", "{BE313ABD-D4BA-46F8-B3B6-DFE26321E148}"
EndProject
Global
	GlobalSection(SolutionConfigurationPlatforms) = preSolution
		Debug|x86 = Debug|x86
		Release|x86 = Release|x86
	EndGlobalSection
	GlobalSection(ProjectConfigurationPlatforms) = postSolution
		{BE313ABD-D4BA-46F8-B3B6-DFE26321E148}.Debug|x86.ActiveCfg = Debug|x86
		{BE313ABD-D4BA-46F8-B3B6-DFE26321E148}.Debug|x86.Build.0 = Debug|x86
		{BE313ABD-D4BA-46F8-B3B6-DFE26321E148}.Release|x86.ActiveCfg = Release|x86
		{BE313ABD-D4BA-46F8-B3B6-DFE26321E148}.Release|x86.Build.0 = Release|x86
	EndGlobalSection
	GlobalSection(SolutionProperties) = preSolution
		HideSolutionNode = FALSE
	EndGlobalSection
EndGlobal
